// !$*UTF8*$!
{
	archiveVersion = 1;
	classes = {
	};
	objectVersion = 48;
	objects = {

/* Begin PBXBuildFile section */
		414F67A91FC9E753007D95FB /* SwipingController.swift in Sources */ = {isa = PBXBuildFile; fileRef = 414F67A81FC9E753007D95FB /* SwipingController.swift */; };
		414F67AB1FC9EC0A007D95FB /* PageCell.swift in Sources */ = {isa = PBXBuildFile; fileRef = 414F67AA1FC9EC0A007D95FB /* PageCell.swift */; };
		418A22811FC5F36200B00628 /* AppDelegate.swift in Sources */ = {isa = PBXBuildFile; fileRef = 418A22801FC5F36200B00628 /* AppDelegate.swift */; };
		418A22861FC5F36200B00628 /* Main.storyboard in Resources */ = {isa = PBXBuildFile; fileRef = 418A22841FC5F36200B00628 /* Main.storyboard */; };
		418A22881FC5F36200B00628 /* Assets.xcassets in Resources */ = {isa = PBXBuildFile; fileRef = 418A22871FC5F36200B00628 /* Assets.xcassets */; };
		418A228B1FC5F36200B00628 /* LaunchScreen.storyboard in Resources */ = {isa = PBXBuildFile; fileRef = 418A22891FC5F36200B00628 /* LaunchScreen.storyboard */; };
		41C179481FCB37A6001C36F6 /* Page.swift in Sources */ = {isa = PBXBuildFile; fileRef = 41C179471FCB37A5001C36F6 /* Page.swift */; };
		41D6F9051FD07C4000CC56C4 /* SwippingController+extention.swift in Sources */ = {isa = PBXBuildFile; fileRef = 41D6F9041FD07C4000CC56C4 /* SwippingController+extention.swift */; };
		41D6F9071FD07CCD00CC56C4 /* SippingController+CollectionView.swift in Sources */ = {isa = PBXBuildFile; fileRef = 41D6F9061FD07CCD00CC56C4 /* SippingController+CollectionView.swift */; };
/* End PBXBuildFile section */

/* Begin PBXFileReference section */
		414F67A81FC9E753007D95FB /* SwipingController.swift */ = {isa = PBXFileReference; lastKnownFileType = sourcecode.swift; path = SwipingController.swift; sourceTree = "<group>"; };
		414F67AA1FC9EC0A007D95FB /* PageCell.swift */ = {isa = PBXFileReference; lastKnownFileType = sourcecode.swift; path = PageCell.swift; sourceTree = "<group>"; };
		418A227D1FC5F36200B00628 /* AutoLayout.app */ = {isa = PBXFileReference; explicitFileType = wrapper.application; includeInIndex = 0; path = AutoLayout.app; sourceTree = BUILT_PRODUCTS_DIR; };
		418A22801FC5F36200B00628 /* AppDelegate.swift */ = {isa = PBXFileReference; lastKnownFileType = sourcecode.swift; path = AppDelegate.swift; sourceTree = "<group>"; };
		418A22851FC5F36200B00628 /* Base */ = {isa = PBXFileReference; lastKnownFileType = file.storyboard; name = Base; path = Base.lproj/Main.storyboard; sourceTree = "<group>"; };
		418A22871FC5F36200B00628 /* Assets.xcassets */ = {isa = PBXFileReference; lastKnownFileType = folder.assetcatalog; path = Assets.xcassets; sourceTree = "<group>"; };
		418A228A1FC5F36200B00628 /* Base */ = {isa = PBXFileReference; lastKnownFileType = file.storyboard; name = Base; path = Base.lproj/LaunchScreen.storyboard; sourceTree = "<group>"; };
		418A228C1FC5F36200B00628 /* Info.plist */ = {isa = PBXFileReference; lastKnownFileType = text.plist.xml; path = Info.plist; sourceTree = "<group>"; };
		41C179471FCB37A5001C36F6 /* Page.swift */ = {isa = PBXFileReference; lastKnownFileType = sourcecode.swift; path = Page.swift; sourceTree = "<group>"; };
		41D6F9041FD07C4000CC56C4 /* SwippingController+extention.swift */ = {isa = PBXFileReference; lastKnownFileType = sourcecode.swift; path = "SwippingController+extention.swift"; sourceTree = "<group>"; };
		41D6F9061FD07CCD00CC56C4 /* SippingController+CollectionView.swift */ = {isa = PBXFileReference; lastKnownFileType = sourcecode.swift; path = "SippingController+CollectionView.swift"; sourceTree = "<group>"; };
/* End PBXFileReference section */

/* Begin PBXFrameworksBuildPhase section */
		418A227A1FC5F36200B00628 /* Frameworks */ = {
			isa = PBXFrameworksBuildPhase;
			buildActionMask = 2147483647;
			files = (
			);
			runOnlyForDeploymentPostprocessing = 0;
		};
/* End PBXFrameworksBuildPhase section */

/* Begin PBXGroup section */
		418A22741FC5F36200B00628 = {
			isa = PBXGroup;
			children = (
				418A227F1FC5F36200B00628 /* AutoLayout */,
				418A227E1FC5F36200B00628 /* Products */,
			);
			sourceTree = "<group>";
		};
		418A227E1FC5F36200B00628 /* Products */ = {
			isa = PBXGroup;
			children = (
				418A227D1FC5F36200B00628 /* AutoLayout.app */,
			);
			name = Products;
			sourceTree = "<group>";
		};
		418A227F1FC5F36200B00628 /* AutoLayout */ = {
			isa = PBXGroup;
			children = (
				418A22801FC5F36200B00628 /* AppDelegate.swift */,
				418A22841FC5F36200B00628 /* Main.storyboard */,
				418A22871FC5F36200B00628 /* Assets.xcassets */,
				418A22891FC5F36200B00628 /* LaunchScreen.storyboard */,
				418A228C1FC5F36200B00628 /* Info.plist */,
				414F67A81FC9E753007D95FB /* SwipingController.swift */,
				414F67AA1FC9EC0A007D95FB /* PageCell.swift */,
				41C179471FCB37A5001C36F6 /* Page.swift */,
				41D6F9041FD07C4000CC56C4 /* SwippingController+extention.swift */,
				41D6F9061FD07CCD00CC56C4 /* SippingController+CollectionView.swift */,
			);
			path = AutoLayout;
			sourceTree = "<group>";
		};
/* End PBXGroup section */

/* Begin PBXNativeTarget section */
		418A227C1FC5F36200B00628 /* AutoLayout */ = {
			isa = PBXNativeTarget;
			buildConfigurationList = 418A228F1FC5F36200B00628 /* Build configuration list for PBXNativeTarget "AutoLayout" */;
			buildPhases = (
				418A22791FC5F36200B00628 /* Sources */,
				418A227A1FC5F36200B00628 /* Frameworks */,
				418A227B1FC5F36200B00628 /* Resources */,
			);
			buildRules = (
			);
			dependencies = (
			);
			name = AutoLayout;
			productName = AutoLayout;
			productReference = 418A227D1FC5F36200B00628 /* AutoLayout.app */;
			productType = "com.apple.product-type.application";
		};
/* End PBXNativeTarget section */

/* Begin PBXProject section */
		418A22751FC5F36200B00628 /* Project object */ = {
			isa = PBXProject;
			attributes = {
				LastSwiftUpdateCheck = 0910;
				LastUpgradeCheck = 0910;
				ORGANIZATIONNAME = "Денис Попов";
				TargetAttributes = {
					418A227C1FC5F36200B00628 = {
						CreatedOnToolsVersion = 9.1;
						ProvisioningStyle = Automatic;
					};
				};
			};
			buildConfigurationList = 418A22781FC5F36200B00628 /* Build configuration list for PBXProject "AutoLayout" */;
			compatibilityVersion = "Xcode 8.0";
			developmentRegion = en;
			hasScannedForEncodings = 0;
			knownRegions = (
				en,
				Base,
			);
			mainGroup = 418A22741FC5F36200B00628;
			productRefGroup = 418A227E1FC5F36200B00628 /* Products */;
			projectDirPath = "";
			projectRoot = "";
			targets = (
				418A227C1FC5F36200B00628 /* AutoLayout */,
			);
		};
/* End PBXProject section */

/* Begin PBXResourcesBuildPhase section */
		418A227B1FC5F36200B00628 /* Resources */ = {
			isa = PBXResourcesBuildPhase;
			buildActionMask = 2147483647;
			files = (
				418A228B1FC5F36200B00628 /* LaunchScreen.storyboard in Resources */,
				418A22881FC5F36200B00628 /* Assets.xcassets in Resources */,
				418A22861FC5F36200B00628 /* Main.storyboard in Resources */,
			);
			runOnlyForDeploymentPostprocessing = 0;
		};
/* End PBXResourcesBuildPhase section */

/* Begin PBXSourcesBuildPhase section */
		418A22791FC5F36200B00628 /* Sources */ = {
			isa = PBXSourcesBuildPhase;
			buildActionMask = 2147483647;
			files = (
				414F67A91FC9E753007D95FB /* SwipingController.swift in Sources */,
				414F67AB1FC9EC0A007D95FB /* PageCell.swift in Sources */,
				418A22811FC5F36200B00628 /* AppDelegate.swift in Sources */,
				41D6F9071FD07CCD00CC56C4 /* SippingController+CollectionView.swift in Sources */,
				41C179481FCB37A6001C36F6 /* Page.swift in Sources */,
				41D6F9051FD07C4000CC56C4 /* SwippingController+extention.swift in Sources */,
			);
			runOnlyForDeploymentPostprocessing = 0;
		};
/* End PBXSourcesBuildPhase section */

/* Begin PBXVariantGroup section */
		418A22841FC5F36200B00628 /* Main.storyboard */ = {
			isa = PBXVariantGroup;
			children = (
				418A22851FC5F36200B00628 /* Base */,
			);
			name = Main.storyboard;
			sourceTree = "<group>";
		};
		418A22891FC5F36200B00628 /* LaunchScreen.storyboard */ = {
			isa = PBXVariantGroup;
			children = (
				418A228A1FC5F36200B00628 /* Base */,
			);
			name = LaunchScreen.storyboard;
			sourceTree = "<group>";
		};
/* End PBXVariantGroup section */

/* Begin XCBuildConfiguration section */
		418A228D1FC5F36200B00628 /* Debug */ = {
			isa = XCBuildConfiguration;
			buildSettings = {
				ALWAYS_SEARCH_USER_PATHS = NO;
				CLANG_ANALYZER_NONNULL = YES;
				CLANG_ANALYZER_NUMBER_OBJECT_CONVERSION = YES_AGGRESSIVE;
				CLANG_CXX_LANGUAGE_STANDARD = "gnu++14";
				CLANG_CXX_LIBRARY = "libc++";
				CLANG_ENABLE_MODULES = YES;
				CLANG_ENABLE_OBJC_ARC = YES;
				CLANG_WARN_BLOCK_CAPTURE_AUTORELEASING = YES;
				CLANG_WARN_BOOL_CONVERSION = YES;
				CLANG_WARN_COMMA = YES;
				CLANG_WARN_CONSTANT_CONVERSION = YES;
				CLANG_WARN_DIRECT_OBJC_ISA_USAGE = YES_ERROR;
				CLANG_WARN_DOCUMENTATION_COMMENTS = YES;
				CLANG_WARN_EMPTY_BODY = YES;
				CLANG_WARN_ENUM_CONVERSION = YES;
				CLANG_WARN_INFINITE_RECURSION = YES;
				CLANG_WARN_INT_CONVERSION = YES;
				CLANG_WARN_NON_LITERAL_NULL_CONVERSION = YES;
				CLANG_WARN_OBJC_LITERAL_CONVERSION = YES;
				CLANG_WARN_OBJC_ROOT_CLASS = YES_ERROR;
				CLANG_WARN_RANGE_LOOP_ANALYSIS = YES;
				CLANG_WARN_STRICT_PROTOTYPES = YES;
				CLANG_WARN_SUSPICIOUS_MOVE = YES;
				CLANG_WARN_UNGUARDED_AVAILABILITY = YES_AGGRESSIVE;
				CLANG_WARN_UNREACHABLE_CODE = YES;
				CLANG_WARN__DUPLICATE_METHOD_MATCH = YES;
				CODE_SIGN_IDENTITY = "iPhone Developer";
				COPY_PHASE_STRIP = NO;
				DEBUG_INFORMATION_FORMAT = dwarf;
				ENABLE_STRICT_OBJC_MSGSEND = YES;
				ENABLE_TESTABILITY = YES;
				GCC_C_LANGUAGE_STANDARD = gnu11;
				GCC_DYNAMIC_NO_PIC = NO;
				GCC_NO_COMMON_BLOCKS = YES;
				GCC_OPTIMIZATION_LEVEL = 0;
				GCC_PREPROCESSOR_DEFINITIONS = (
					"DEBUG=1",
					"$(inherited)",
				);
				GCC_WARN_64_TO_32_BIT_CONVERSION = YES;
				GCC_WARN_ABOUT_RETURN_TYPE = YES_ERROR;
				GCC_WARN_UNDECLARED_SELECTOR = YES;
				GCC_WARN_UNINITIALIZED_AUTOS = YES_AGGRESSIVE;
				GCC_WARN_UNUSED_FUNCTION = YES;
				GCC_WARN_UNUSED_VARIABLE = YES;
				IPHONEOS_DEPLOYMENT_TARGET = 11.1;
				MTL_ENABLE_DEBUG_INFO = YES;
				ONLY_ACTIVE_ARCH = YES;
				SDKROOT = iphoneos;
				SWIFT_ACTIVE_COMPILATION_CONDITIONS = DEBUG;
				SWIFT_OPTIMIZATION_LEVEL = "-Onone";
			};
			name = Debug;
		};
		418A228E1FC5F36200B00628 /* Release */ = {
			isa = XCBuildConfiguration;
			buildSettings = {
				ALWAYS_SEARCH_USER_PATHS = NO;
				CLANG_ANALYZER_NONNULL = YES;
				CLANG_ANALYZER_NUMBER_OBJECT_CONVERSION = YES_AGGRESSIVE;
				CLANG_CXX_LANGUAGE_STANDARD = "gnu++14";
				CLANG_CXX_LIBRARY = "libc++";
				CLANG_ENABLE_MODULES = YES;
				CLANG_ENABLE_OBJC_ARC = YES;
				CLANG_WARN_BLOCK_CAPTURE_AUTORELEASING = YES;
				CLANG_WARN_BOOL_CONVERSION = YES;
				CLANG_WARN_COMMA = YES;
				CLANG_WARN_CONSTANT_CONVERSION = YES;
				CLANG_WARN_DIRECT_OBJC_ISA_USAGE = YES_ERROR;
				CLANG_WARN_DOCUMENTATION_COMMENTS = YES;
				CLANG_WARN_EMPTY_BODY = YES;
				CLANG_WARN_ENUM_CONVERSION = YES;
				CLANG_WARN_INFINITE_RECURSION = YES;
				CLANG_WARN_INT_CONVERSION = YES;
				CLANG_WARN_NON_LITERAL_NULL_CONVERSION = YES;
				CLANG_WARN_OBJC_LITERAL_CONVERSION = YES;
				CLANG_WARN_OBJC_ROOT_CLASS = YES_ERROR;
				CLANG_WARN_RANGE_LOOP_ANALYSIS = YES;
				CLANG_WARN_STRICT_PROTOTYPES = YES;
				CLANG_WARN_SUSPICIOUS_MOVE = YES;
				CLANG_WARN_UNGUARDED_AVAILABILITY = YES_AGGRESSIVE;
				CLANG_WARN_UNREACHABLE_CODE = YES;
				CLANG_WARN__DUPLICATE_METHOD_MATCH = YES;
				CODE_SIGN_IDENTITY = "iPhone Developer";
				COPY_PHASE_STRIP = NO;
				DEBUG_INFORMATION_FORMAT = "dwarf-with-dsym";
				ENABLE_NS_ASSERTIONS = NO;
				ENABLE_STRICT_OBJC_MSGSEND = YES;
				GCC_C_LANGUAGE_STANDARD = gnu11;
				GCC_NO_COMMON_BLOCKS = YES;
				GCC_WARN_64_TO_32_BIT_CONVERSION = YES;
				GCC_WARN_ABOUT_RETURN_TYPE = YES_ERROR;
				GCC_WARN_UNDECLARED_SELECTOR = YES;
				GCC_WARN_UNINITIALIZED_AUTOS = YES_AGGRESSIVE;
				GCC_WARN_UNUSED_FUNCTION = YES;
				GCC_WARN_UNUSED_VARIABLE = YES;
				IPHONEOS_DEPLOYMENT_TARGET = 11.1;
				MTL_ENABLE_DEBUG_INFO = NO;
				SDKROOT = iphoneos;
				SWIFT_OPTIMIZATION_LEVEL = "-Owholemodule";
				VALIDATE_PRODUCT = YES;
			};
			name = Release;
		};
		418A22901FC5F36200B00628 /* Debug */ = {
			isa = XCBuildConfiguration;
			buildSettings = {
				ASSETCATALOG_COMPILER_APPICON_NAME = AppIcon;
				CODE_SIGN_STYLE = Automatic;
				DEVELOPMENT_TEAM = HC3DW36LFK;
				INFOPLIST_FILE = AutoLayout/Info.plist;
				LD_RUNPATH_SEARCH_PATHS = "$(inherited) @executable_path/Frameworks";
				PRODUCT_BUNDLE_IDENTIFIER = vegopunk.AutoLayout;
				PRODUCT_NAME = "$(TARGET_NAME)";
				SWIFT_VERSION = 4.0;
				TARGETED_DEVICE_FAMILY = "1,2";
			};
			name = Debug;
		};
		418A22911FC5F36200B00628 /* Release */ = {
			isa = XCBuildConfiguration;
			buildSettings = {
				ASSETCATALOG_COMPILER_APPICON_NAME = AppIcon;
				CODE_SIGN_STYLE = Automatic;
				DEVELOPMENT_TEAM = HC3DW36LFK;
				INFOPLIST_FILE = AutoLayout/Info.plist;
				LD_RUNPATH_SEARCH_PATHS = "$(inherited) @executable_path/Frameworks";
				PRODUCT_BUNDLE_IDENTIFIER = vegopunk.AutoLayout;
				PRODUCT_NAME = "$(TARGET_NAME)";
				SWIFT_VERSION = 4.0;
				TARGETED_DEVICE_FAMILY = "1,2";
			};
			name = Release;
		};
/* End XCBuildConfiguration section */

/* Begin XCConfigurationList section */
		418A22781FC5F36200B00628 /* Build configuration list for PBXProject "AutoLayout" */ = {
			isa = XCConfigurationList;
			buildConfigurations = (
				418A228D1FC5F36200B00628 /* Debug */,
				418A228E1FC5F36200B00628 /* Release */,
			);
			defaultConfigurationIsVisible = 0;
			defaultConfigurationName = Release;
		};
		418A228F1FC5F36200B00628 /* Build configuration list for PBXNativeTarget "AutoLayout" */ = {
			isa = XCConfigurationList;
			buildConfigurations = (
				418A22901FC5F36200B00628 /* Debug */,
				418A22911FC5F36200B00628 /* Release */,
			);
			defaultConfigurationIsVisible = 0;
			defaultConfigurationName = Release;
		};
/* End XCConfigurationList section */
	};
	rootObject = 418A22751FC5F36200B00628 /* Project object */;
}
